
Microsoft Visual Studio Solution File, Format Version 12.00
# Visual Studio 15
VisualStudioVersion = 15.0.27703.2026
MinimumVisualStudioVersion = 10.0.40219.1
Project("{FAE04EC0-301F-11D3-BF4B-00C04F79EFBC}") = "App.Android", "App\App.Android\App.Android.csproj", "{EDA00CB8-10A0-47FE-81D5-A88FA8F9668C}"
EndProject
Project("{FAE04EC0-301F-11D3-BF4B-00C04F79EFBC}") = "App.iOS", "App\App.iOS\App.iOS.csproj", "{B3935984-C916-4567-8D45-063A58B69A95}"
EndProject
Project("{D954291E-2A0B-460D-934E-DC6B0785DB48}") = "App", "App\App\App.shproj", "{FA0AD835-70A7-4F5B-A3D5-61CF2157FDE3}"
EndProject
Project("{FAE04EC0-301F-11D3-BF4B-00C04F79EFBC}") = "App.Core", "App.Core\App.Core.csproj", "{786E1D0A-33A6-4782-8CFF-289C77940384}"
EndProject
Project("{FAE04EC0-301F-11D3-BF4B-00C04F79EFBC}") = "App.UWP", "App\App.UWP\App.UWP.csproj", "{6BB343A5-3CD1-41B7-94EE-DA6D1E1BDC3D}"
EndProject
Global
	GlobalSection(SharedMSBuildProjectFiles) = preSolution
		App\App\App.projitems*{6bb343a5-3cd1-41b7-94ee-da6d1e1bdc3d}*SharedItemsImports = 4
		App\App\App.projitems*{b3935984-c916-4567-8d45-063a58b69a95}*SharedItemsImports = 4
		App\App\App.projitems*{eda00cb8-10a0-47fe-81d5-a88fa8f9668c}*SharedItemsImports = 4
		App\App\App.projitems*{fa0ad835-70a7-4f5b-a3d5-61cf2157fde3}*SharedItemsImports = 13
	EndGlobalSection
	GlobalSection(SolutionConfigurationPlatforms) = preSolution
		Debug|Any CPU = Debug|Any CPU
		Debug|ARM = Debug|ARM
		Debug|iPhone = Debug|iPhone
		Debug|iPhoneSimulator = Debug|iPhoneSimulator
		Debug|x64 = Debug|x64
		Debug|x86 = Debug|x86
		Release|Any CPU = Release|Any CPU
		Release|ARM = Release|ARM
		Release|iPhone = Release|iPhone
		Release|iPhoneSimulator = Release|iPhoneSimulator
		Release|x64 = Release|x64
		Release|x86 = Release|x86
	EndGlobalSection
	GlobalSection(ProjectConfigurationPlatforms) = postSolution
		{EDA00CB8-10A0-47FE-81D5-A88FA8F9668C}.Debug|Any CPU.ActiveCfg = Debug|Any CPU
		{EDA00CB8-10A0-47FE-81D5-A88FA8F9668C}.Debug|Any CPU.Build.0 = Debug|Any CPU
		{EDA00CB8-10A0-47FE-81D5-A88FA8F9668C}.Debug|Any CPU.Deploy.0 = Debug|Any CPU
		{EDA00CB8-10A0-47FE-81D5-A88FA8F9668C}.Debug|ARM.ActiveCfg = Debug|Any CPU
		{EDA00CB8-10A0-47FE-81D5-A88FA8F9668C}.Debug|ARM.Build.0 = Debug|Any CPU
		{EDA00CB8-10A0-47FE-81D5-A88FA8F9668C}.Debug|ARM.Deploy.0 = Debug|Any CPU
		{EDA00CB8-10A0-47FE-81D5-A88FA8F9668C}.Debug|iPhone.ActiveCfg = Debug|Any CPU
		{EDA00CB8-10A0-47FE-81D5-A88FA8F9668C}.Debug|iPhone.Build.0 = Debug|Any CPU
		{EDA00CB8-10A0-47FE-81D5-A88FA8F9668C}.Debug|iPhone.Deploy.0 = Debug|Any CPU
		{EDA00CB8-10A0-47FE-81D5-A88FA8F9668C}.Debug|iPhoneSimulator.ActiveCfg = Debug|Any CPU
		{EDA00CB8-10A0-47FE-81D5-A88FA8F9668C}.Debug|iPhoneSimulator.Build.0 = Debug|Any CPU
		{EDA00CB8-10A0-47FE-81D5-A88FA8F9668C}.Debug|iPhoneSimulator.Deploy.0 = Debug|Any CPU
		{EDA00CB8-10A0-47FE-81D5-A88FA8F9668C}.Debug|x64.ActiveCfg = Debug|Any CPU
		{EDA00CB8-10A0-47FE-81D5-A88FA8F9668C}.Debug|x64.Build.0 = Debug|Any CPU
		{EDA00CB8-10A0-47FE-81D5-A88FA8F9668C}.Debug|x64.Deploy.0 = Debug|Any CPU
		{EDA00CB8-10A0-47FE-81D5-A88FA8F9668C}.Debug|x86.ActiveCfg = Debug|Any CPU
		{EDA00CB8-10A0-47FE-81D5-A88FA8F9668C}.Debug|x86.Build.0 = Debug|Any CPU
		{EDA00CB8-10A0-47FE-81D5-A88FA8F9668C}.Debug|x86.Deploy.0 = Debug|Any CPU
		{EDA00CB8-10A0-47FE-81D5-A88FA8F9668C}.Release|Any CPU.ActiveCfg = Release|Any CPU
		{EDA00CB8-10A0-47FE-81D5-A88FA8F9668C}.Release|Any CPU.Build.0 = Release|Any CPU
		{EDA00CB8-10A0-47FE-81D5-A88FA8F9668C}.Release|Any CPU.Deploy.0 = Release|Any CPU
		{EDA00CB8-10A0-47FE-81D5-A88FA8F9668C}.Release|ARM.ActiveCfg = Release|Any CPU
		{EDA00CB8-10A0-47FE-81D5-A88FA8F9668C}.Release|ARM.Build.0 = Release|Any CPU
		{EDA00CB8-10A0-47FE-81D5-A88FA8F9668C}.Release|ARM.Deploy.0 = Release|Any CPU
		{EDA00CB8-10A0-47FE-81D5-A88FA8F9668C}.Release|iPhone.ActiveCfg = Release|Any CPU
		{EDA00CB8-10A0-47FE-81D5-A88FA8F9668C}.Release|iPhone.Build.0 = Release|Any CPU
		{EDA00CB8-10A0-47FE-81D5-A88FA8F9668C}.Release|iPhone.Deploy.0 = Release|Any CPU
		{EDA00CB8-10A0-47FE-81D5-A88FA8F9668C}.Release|iPhoneSimulator.ActiveCfg = Release|Any CPU
		{EDA00CB8-10A0-47FE-81D5-A88FA8F9668C}.Release|iPhoneSimulator.Build.0 = Release|Any CPU
		{EDA00CB8-10A0-47FE-81D5-A88FA8F9668C}.Release|iPhoneSimulator.Deploy.0 = Release|Any CPU
		{EDA00CB8-10A0-47FE-81D5-A88FA8F9668C}.Release|x64.ActiveCfg = Release|Any CPU
		{EDA00CB8-10A0-47FE-81D5-A88FA8F9668C}.Release|x64.Build.0 = Release|Any CPU
		{EDA00CB8-10A0-47FE-81D5-A88FA8F9668C}.Release|x64.Deploy.0 = Release|Any CPU
		{EDA00CB8-10A0-47FE-81D5-A88FA8F9668C}.Release|x86.ActiveCfg = Release|Any CPU
		{EDA00CB8-10A0-47FE-81D5-A88FA8F9668C}.Release|x86.Build.0 = Release|Any CPU
		{EDA00CB8-10A0-47FE-81D5-A88FA8F9668C}.Release|x86.Deploy.0 = Release|Any CPU
		{B3935984-C916-4567-8D45-063A58B69A95}.Debug|Any CPU.ActiveCfg = Debug|iPhoneSimulator
		{B3935984-C916-4567-8D45-063A58B69A95}.Debug|Any CPU.Build.0 = Debug|iPhoneSimulator
		{B3935984-C916-4567-8D45-063A58B69A95}.Debug|Any CPU.Deploy.0 = Debug|iPhoneSimulator
		{B3935984-C916-4567-8D45-063A58B69A95}.Debug|ARM.ActiveCfg = Debug|iPhone
		{B3935984-C916-4567-8D45-063A58B69A95}.Debug|ARM.Build.0 = Debug|iPhone
		{B3935984-C916-4567-8D45-063A58B69A95}.Debug|ARM.Deploy.0 = Debug|iPhone
		{B3935984-C916-4567-8D45-063A58B69A95}.Debug|iPhone.ActiveCfg = Debug|iPhone
		{B3935984-C916-4567-8D45-063A58B69A95}.Debug|iPhone.Build.0 = Debug|iPhone
		{B3935984-C916-4567-8D45-063A58B69A95}.Debug|iPhone.Deploy.0 = Debug|iPhone
		{B3935984-C916-4567-8D45-063A58B69A95}.Debug|iPhoneSimulator.ActiveCfg = Debug|iPhoneSimulator
		{B3935984-C916-4567-8D45-063A58B69A95}.Debug|iPhoneSimulator.Build.0 = Debug|iPhoneSimulator
		{B3935984-C916-4567-8D45-063A58B69A95}.Debug|iPhoneSimulator.Deploy.0 = Debug|iPhoneSimulator
		{B3935984-C916-4567-8D45-063A58B69A95}.Debug|x64.ActiveCfg = Debug|iPhone
		{B3935984-C916-4567-8D45-063A58B69A95}.Debug|x64.Build.0 = Debug|iPhone
		{B3935984-C916-4567-8D45-063A58B69A95}.Debug|x64.Deploy.0 = Debug|iPhone
		{B3935984-C916-4567-8D45-063A58B69A95}.Debug|x86.ActiveCfg = Debug|iPhone
		{B3935984-C916-4567-8D45-063A58B69A95}.Debug|x86.Build.0 = Debug|iPhone
		{B3935984-C916-4567-8D45-063A58B69A95}.Debug|x86.Deploy.0 = Debug|iPhone
		{B3935984-C916-4567-8D45-063A58B69A95}.Release|Any CPU.ActiveCfg = Release|iPhone
		{B3935984-C916-4567-8D45-063A58B69A95}.Release|Any CPU.Build.0 = Release|iPhone
		{B3935984-C916-4567-8D45-063A58B69A95}.Release|Any CPU.Deploy.0 = Release|iPhone
		{B3935984-C916-4567-8D45-063A58B69A95}.Release|ARM.ActiveCfg = Release|iPhone
		{B3935984-C916-4567-8D45-063A58B69A95}.Release|ARM.Build.0 = Release|iPhone
		{B3935984-C916-4567-8D45-063A58B69A95}.Release|ARM.Deploy.0 = Release|iPhone
		{B3935984-C916-4567-8D45-063A58B69A95}.Release|iPhone.ActiveCfg = Release|iPhone
		{B3935984-C916-4567-8D45-063A58B69A95}.Release|iPhone.Build.0 = Release|iPhone
		{B3935984-C916-4567-8D45-063A58B69A95}.Release|iPhone.Deploy.0 = Release|iPhone
		{B3935984-C916-4567-8D45-063A58B69A95}.Release|iPhoneSimulator.ActiveCfg = Release|iPhoneSimulator
		{B3935984-C916-4567-8D45-063A58B69A95}.Release|iPhoneSimulator.Build.0 = Release|iPhoneSimulator
		{B3935984-C916-4567-8D45-063A58B69A95}.Release|iPhoneSimulator.Deploy.0 = Release|iPhoneSimulator
		{B3935984-C916-4567-8D45-063A58B69A95}.Release|x64.ActiveCfg = Release|iPhone
		{B3935984-C916-4567-8D45-063A58B69A95}.Release|x64.Build.0 = Release|iPhone
		{B3935984-C916-4567-8D45-063A58B69A95}.Release|x64.Deploy.0 = Release|iPhone
		{B3935984-C916-4567-8D45-063A58B69A95}.Release|x86.ActiveCfg = Release|iPhone
		{B3935984-C916-4567-8D45-063A58B69A95}.Release|x86.Build.0 = Release|iPhone
		{B3935984-C916-4567-8D45-063A58B69A95}.Release|x86.Deploy.0 = Release|iPhone
		{786E1D0A-33A6-4782-8CFF-289C77940384}.Debug|Any CPU.ActiveCfg = Debug|Any CPU
		{786E1D0A-33A6-4782-8CFF-289C77940384}.Debug|Any CPU.Build.0 = Debug|Any CPU
		{786E1D0A-33A6-4782-8CFF-289C77940384}.Debug|ARM.ActiveCfg = Debug|Any CPU
		{786E1D0A-33A6-4782-8CFF-289C77940384}.Debug|ARM.Build.0 = Debug|Any CPU
		{786E1D0A-33A6-4782-8CFF-289C77940384}.Debug|iPhone.ActiveCfg = Debug|Any CPU
		{786E1D0A-33A6-4782-8CFF-289C77940384}.Debug|iPhone.Build.0 = Debug|Any CPU
		{786E1D0A-33A6-4782-8CFF-289C77940384}.Debug|iPhoneSimulator.ActiveCfg = Debug|Any CPU
		{786E1D0A-33A6-4782-8CFF-289C77940384}.Debug|iPhoneSimulator.Build.0 = Debug|Any CPU
		{786E1D0A-33A6-4782-8CFF-289C77940384}.Debug|x64.ActiveCfg = Debug|Any CPU
		{786E1D0A-33A6-4782-8CFF-289C77940384}.Debug|x64.Build.0 = Debug|Any CPU
		{786E1D0A-33A6-4782-8CFF-289C77940384}.Debug|x86.ActiveCfg = Debug|Any CPU
		{786E1D0A-33A6-4782-8CFF-289C77940384}.Debug|x86.Build.0 = Debug|Any CPU
		{786E1D0A-33A6-4782-8CFF-289C77940384}.Release|Any CPU.ActiveCfg = Release|Any CPU
		{786E1D0A-33A6-4782-8CFF-289C77940384}.Release|Any CPU.Build.0 = Release|Any CPU
		{786E1D0A-33A6-4782-8CFF-289C77940384}.Release|ARM.ActiveCfg = Release|Any CPU
		{786E1D0A-33A6-4782-8CFF-289C77940384}.Release|ARM.Build.0 = Release|Any CPU
		{786E1D0A-33A6-4782-8CFF-289C77940384}.Release|iPhone.ActiveCfg = Release|Any CPU
		{786E1D0A-33A6-4782-8CFF-289C77940384}.Release|iPhone.Build.0 = Release|Any CPU
		{786E1D0A-33A6-4782-8CFF-289C77940384}.Release|iPhoneSimulator.ActiveCfg = Release|Any CPU
		{786E1D0A-33A6-4782-8CFF-289C77940384}.Release|iPhoneSimulator.Build.0 = Release|Any CPU
		{786E1D0A-33A6-4782-8CFF-289C77940384}.Release|x64.ActiveCfg = Release|Any CPU
		{786E1D0A-33A6-4782-8CFF-289C77940384}.Release|x64.Build.0 = Release|Any CPU
		{786E1D0A-33A6-4782-8CFF-289C77940384}.Release|x86.ActiveCfg = Release|Any CPU
		{786E1D0A-33A6-4782-8CFF-289C77940384}.Release|x86.Build.0 = Release|Any CPU
		{6BB343A5-3CD1-41B7-94EE-DA6D1E1BDC3D}.Debug|Any CPU.ActiveCfg = Debug|x86
		{6BB343A5-3CD1-41B7-94EE-DA6D1E1BDC3D}.Debug|Any CPU.Build.0 = Debug|x86
		{6BB343A5-3CD1-41B7-94EE-DA6D1E1BDC3D}.Debug|Any CPU.Deploy.0 = Debug|x86
		{6BB343A5-3CD1-41B7-94EE-DA6D1E1BDC3D}.Debug|ARM.ActiveCfg = Debug|ARM
		{6BB343A5-3CD1-41B7-94EE-DA6D1E1BDC3D}.Debug|ARM.Build.0 = Debug|ARM
		{6BB343A5-3CD1-41B7-94EE-DA6D1E1BDC3D}.Debug|ARM.Deploy.0 = Debug|ARM
		{6BB343A5-3CD1-41B7-94EE-DA6D1E1BDC3D}.Debug|iPhone.ActiveCfg = Debug|x86
		{6BB343A5-3CD1-41B7-94EE-DA6D1E1BDC3D}.Debug|iPhone.Build.0 = Debug|x86
		{6BB343A5-3CD1-41B7-94EE-DA6D1E1BDC3D}.Debug|iPhone.Deploy.0 = Debug|x86
		{6BB343A5-3CD1-41B7-94EE-DA6D1E1BDC3D}.Debug|iPhoneSimulator.ActiveCfg = Debug|x86
		{6BB343A5-3CD1-41B7-94EE-DA6D1E1BDC3D}.Debug|iPhoneSimulator.Build.0 = Debug|x86
		{6BB343A5-3CD1-41B7-94EE-DA6D1E1BDC3D}.Debug|iPhoneSimulator.Deploy.0 = Debug|x86
		{6BB343A5-3CD1-41B7-94EE-DA6D1E1BDC3D}.Debug|x64.ActiveCfg = Debug|x64
		{6BB343A5-3CD1-41B7-94EE-DA6D1E1BDC3D}.Debug|x64.Build.0 = Debug|x64
		{6BB343A5-3CD1-41B7-94EE-DA6D1E1BDC3D}.Debug|x64.Deploy.0 = Debug|x64
		{6BB343A5-3CD1-41B7-94EE-DA6D1E1BDC3D}.Debug|x86.ActiveCfg = Debug|x86
		{6BB343A5-3CD1-41B7-94EE-DA6D1E1BDC3D}.Debug|x86.Build.0 = Debug|x86
		{6BB343A5-3CD1-41B7-94EE-DA6D1E1BDC3D}.Debug|x86.Deploy.0 = Debug|x86
		{6BB343A5-3CD1-41B7-94EE-DA6D1E1BDC3D}.Release|Any CPU.ActiveCfg = Release|x86
		{6BB343A5-3CD1-41B7-94EE-DA6D1E1BDC3D}.Release|Any CPU.Build.0 = Release|x86
		{6BB343A5-3CD1-41B7-94EE-DA6D1E1BDC3D}.Release|Any CPU.Deploy.0 = Release|x86
		{6BB343A5-3CD1-41B7-94EE-DA6D1E1BDC3D}.Release|ARM.ActiveCfg = Release|ARM
		{6BB343A5-3CD1-41B7-94EE-DA6D1E1BDC3D}.Release|ARM.Build.0 = Release|ARM
		{6BB343A5-3CD1-41B7-94EE-DA6D1E1BDC3D}.Release|ARM.Deploy.0 = Release|ARM
		{6BB343A5-3CD1-41B7-94EE-DA6D1E1BDC3D}.Release|iPhone.ActiveCfg = Release|x86
		{6BB343A5-3CD1-41B7-94EE-DA6D1E1BDC3D}.Release|iPhone.Build.0 = Release|x86
		{6BB343A5-3CD1-41B7-94EE-DA6D1E1BDC3D}.Release|iPhone.Deploy.0 = Release|x86
		{6BB343A5-3CD1-41B7-94EE-DA6D1E1BDC3D}.Release|iPhoneSimulator.ActiveCfg = Release|x86
		{6BB343A5-3CD1-41B7-94EE-DA6D1E1BDC3D}.Release|iPhoneSimulator.Build.0 = Release|x86
		{6BB343A5-3CD1-41B7-94EE-DA6D1E1BDC3D}.Release|iPhoneSimulator.Deploy.0 = Release|x86
		{6BB343A5-3CD1-41B7-94EE-DA6D1E1BDC3D}.Release|x64.ActiveCfg = Release|x64
		{6BB343A5-3CD1-41B7-94EE-DA6D1E1BDC3D}.Release|x64.Build.0 = Release|x64
		{6BB343A5-3CD1-41B7-94EE-DA6D1E1BDC3D}.Release|x64.Deploy.0 = Release|x64
		{6BB343A5-3CD1-41B7-94EE-DA6D1E1BDC3D}.Release|x86.ActiveCfg = Release|x86
		{6BB343A5-3CD1-41B7-94EE-DA6D1E1BDC3D}.Release|x86.Build.0 = Release|x86
		{6BB343A5-3CD1-41B7-94EE-DA6D1E1BDC3D}.Release|x86.Deploy.0 = Release|x86
	EndGlobalSection
	GlobalSection(SolutionProperties) = preSolution
		HideSolutionNode = FALSE
	EndGlobalSection
	GlobalSection(ExtensibilityGlobals) = postSolution
		SolutionGuid = {5B226230-C7FF-40DD-8F12-AC51114728DF}
	EndGlobalSection
EndGlobal
